// !$*UTF8*$!
{
	archiveVersion = 1;
	classes = {
	};
	objectVersion = 50;
	objects = {

/* Begin PBXBuildFile section */
		03B4BC78051D6027644691F5 /* Pods_BestCareer.framework in Frameworks */ = {isa = PBXBuildFile; fileRef = F0C6EFA8001D1BB54A479A95 /* Pods_BestCareer.framework */; };
		4940C33421C26869008881F4 /* AppDelegate.swift in Sources */ = {isa = PBXBuildFile; fileRef = 4940C33321C26869008881F4 /* AppDelegate.swift */; };
		4940C33921C26869008881F4 /* Main.storyboard in Resources */ = {isa = PBXBuildFile; fileRef = 4940C33721C26869008881F4 /* Main.storyboard */; };
		4940C33B21C2686A008881F4 /* Assets.xcassets in Resources */ = {isa = PBXBuildFile; fileRef = 4940C33A21C2686A008881F4 /* Assets.xcassets */; };
		4940C33E21C2686A008881F4 /* LaunchScreen.storyboard in Resources */ = {isa = PBXBuildFile; fileRef = 4940C33C21C2686A008881F4 /* LaunchScreen.storyboard */; };
		4940C34621C268FC008881F4 /* CategoriesViewController.swift in Sources */ = {isa = PBXBuildFile; fileRef = 4940C34521C268FC008881F4 /* CategoriesViewController.swift */; };
		4940C34821C26A31008881F4 /* CategoriesCollectionViewCell.swift in Sources */ = {isa = PBXBuildFile; fileRef = 4940C34721C26A31008881F4 /* CategoriesCollectionViewCell.swift */; };
		4960FC9621D0CEF700638F71 /* ServerManager.swift in Sources */ = {isa = PBXBuildFile; fileRef = 4960FC9521D0CEF600638F71 /* ServerManager.swift */; };
		497B180F21C4190300919D8E /* LoginViewController.swift in Sources */ = {isa = PBXBuildFile; fileRef = 497B180E21C4190300919D8E /* LoginViewController.swift */; };
		497B181121C41FDD00919D8E /* GoogleService-Info.plist in Resources */ = {isa = PBXBuildFile; fileRef = 497B181021C41FDD00919D8E /* GoogleService-Info.plist */; };
		497B684421CA2EE300A20C2B /* SignUpViewController.swift in Sources */ = {isa = PBXBuildFile; fileRef = 497B684321CA2EE300A20C2B /* SignUpViewController.swift */; };
		49948AC121CB9D7900487444 /* Login.storyboard in Resources */ = {isa = PBXBuildFile; fileRef = 49948AC021CB9D7900487444 /* Login.storyboard */; };
		49E2A65A21CCA6D500C50B85 /* LeftViewController.swift in Sources */ = {isa = PBXBuildFile; fileRef = 49E2A65921CCA6D500C50B85 /* LeftViewController.swift */; };
		49E2A65C21CCEDCF00C50B85 /* JobPostsViewController.swift in Sources */ = {isa = PBXBuildFile; fileRef = 49E2A65B21CCEDCF00C50B85 /* JobPostsViewController.swift */; };
		49E2A65E21CCEE2900C50B85 /* JobPostCell.swift in Sources */ = {isa = PBXBuildFile; fileRef = 49E2A65D21CCEE2900C50B85 /* JobPostCell.swift */; };
		49ECF55821C569C200B0F994 /* CompanyJobPostsViewController.swift in Sources */ = {isa = PBXBuildFile; fileRef = 49ECF55621C569C200B0F994 /* CompanyJobPostsViewController.swift */; };
		49ECF55921C569C200B0F994 /* CompanyProfileViewController.swift in Sources */ = {isa = PBXBuildFile; fileRef = 49ECF55721C569C200B0F994 /* CompanyProfileViewController.swift */; };
		C871129321D37CFC00E98FF4 /* JobDetailCollectionViewController.swift in Sources */ = {isa = PBXBuildFile; fileRef = C871129221D37CFC00E98FF4 /* JobDetailCollectionViewController.swift */; };
		C8928A9021D36A3B0043E11E /* JobDetailsCollectionViewCell.swift in Sources */ = {isa = PBXBuildFile; fileRef = C8928A8F21D36A3B0043E11E /* JobDetailsCollectionViewCell.swift */; };
		C8F8D71021C8D931001B1151 /* CompanyInfoViewController.swift in Sources */ = {isa = PBXBuildFile; fileRef = C8F8D70F21C8D931001B1151 /* CompanyInfoViewController.swift */; };
		C8F8D71221C8DA2C001B1151 /* CompanyDetailsViewController.swift in Sources */ = {isa = PBXBuildFile; fileRef = C8F8D71121C8DA2C001B1151 /* CompanyDetailsViewController.swift */; };
		C8F8D71421C8DA46001B1151 /* CompanyPostsViewController.swift in Sources */ = {isa = PBXBuildFile; fileRef = C8F8D71321C8DA46001B1151 /* CompanyPostsViewController.swift */; };
		C8F8D71621C8DAFA001B1151 /* PageControllerVC.swift in Sources */ = {isa = PBXBuildFile; fileRef = C8F8D71521C8DAFA001B1151 /* PageControllerVC.swift */; };
		C8F8D71821C8DC9C001B1151 /* MenuTabsView.swift in Sources */ = {isa = PBXBuildFile; fileRef = C8F8D71721C8DC9B001B1151 /* MenuTabsView.swift */; };
		C8F8D71C21C8DD9D001B1151 /* BasicCell.swift in Sources */ = {isa = PBXBuildFile; fileRef = C8F8D71B21C8DD9D001B1151 /* BasicCell.swift */; };
		C8F8D71E21C8DDEF001B1151 /* Extensions.swift in Sources */ = {isa = PBXBuildFile; fileRef = C8F8D71D21C8DDEF001B1151 /* Extensions.swift */; };
		C8F8D72821C8F10B001B1151 /* menuViewController.swift in Sources */ = {isa = PBXBuildFile; fileRef = C8F8D72321C8F10A001B1151 /* menuViewController.swift */; };
		C8F8D72A21C8F10B001B1151 /* MenuCell.swift in Sources */ = {isa = PBXBuildFile; fileRef = C8F8D72621C8F10B001B1151 /* MenuCell.swift */; };
/* End PBXBuildFile section */

/* Begin PBXFileReference section */
		4940C33021C26869008881F4 /* BestCareer.app */ = {isa = PBXFileReference; explicitFileType = wrapper.application; includeInIndex = 0; path = BestCareer.app; sourceTree = BUILT_PRODUCTS_DIR; };
		4940C33321C26869008881F4 /* AppDelegate.swift */ = {isa = PBXFileReference; lastKnownFileType = sourcecode.swift; path = AppDelegate.swift; sourceTree = "<group>"; };
		4940C33821C26869008881F4 /* Base */ = {isa = PBXFileReference; lastKnownFileType = file.storyboard; name = Base; path = Base.lproj/Main.storyboard; sourceTree = "<group>"; };
		4940C33A21C2686A008881F4 /* Assets.xcassets */ = {isa = PBXFileReference; lastKnownFileType = folder.assetcatalog; path = Assets.xcassets; sourceTree = "<group>"; };
		4940C33D21C2686A008881F4 /* Base */ = {isa = PBXFileReference; lastKnownFileType = file.storyboard; name = Base; path = Base.lproj/LaunchScreen.storyboard; sourceTree = "<group>"; };
		4940C33F21C2686A008881F4 /* Info.plist */ = {isa = PBXFileReference; lastKnownFileType = text.plist.xml; path = Info.plist; sourceTree = "<group>"; };
		4940C34521C268FC008881F4 /* CategoriesViewController.swift */ = {isa = PBXFileReference; lastKnownFileType = sourcecode.swift; path = CategoriesViewController.swift; sourceTree = "<group>"; };
		4940C34721C26A31008881F4 /* CategoriesCollectionViewCell.swift */ = {isa = PBXFileReference; lastKnownFileType = sourcecode.swift; path = CategoriesCollectionViewCell.swift; sourceTree = "<group>"; };
		4960FC9521D0CEF600638F71 /* ServerManager.swift */ = {isa = PBXFileReference; fileEncoding = 4; lastKnownFileType = sourcecode.swift; path = ServerManager.swift; sourceTree = "<group>"; };
		497B180E21C4190300919D8E /* LoginViewController.swift */ = {isa = PBXFileReference; lastKnownFileType = sourcecode.swift; path = LoginViewController.swift; sourceTree = "<group>"; };
		497B181021C41FDD00919D8E /* GoogleService-Info.plist */ = {isa = PBXFileReference; fileEncoding = 4; lastKnownFileType = text.plist.xml; path = "GoogleService-Info.plist"; sourceTree = "<group>"; };
		497B684321CA2EE300A20C2B /* SignUpViewController.swift */ = {isa = PBXFileReference; lastKnownFileType = sourcecode.swift; path = SignUpViewController.swift; sourceTree = "<group>"; };
		49948AC021CB9D7900487444 /* Login.storyboard */ = {isa = PBXFileReference; lastKnownFileType = file.storyboard; path = Login.storyboard; sourceTree = "<group>"; };
		49E2A65921CCA6D500C50B85 /* LeftViewController.swift */ = {isa = PBXFileReference; fileEncoding = 4; lastKnownFileType = sourcecode.swift; path = LeftViewController.swift; sourceTree = "<group>"; };
		49E2A65B21CCEDCF00C50B85 /* JobPostsViewController.swift */ = {isa = PBXFileReference; lastKnownFileType = sourcecode.swift; path = JobPostsViewController.swift; sourceTree = "<group>"; };
		49E2A65D21CCEE2900C50B85 /* JobPostCell.swift */ = {isa = PBXFileReference; lastKnownFileType = sourcecode.swift; path = JobPostCell.swift; sourceTree = "<group>"; };
		49ECF55621C569C200B0F994 /* CompanyJobPostsViewController.swift */ = {isa = PBXFileReference; fileEncoding = 4; lastKnownFileType = sourcecode.swift; path = CompanyJobPostsViewController.swift; sourceTree = "<group>"; };
		49ECF55721C569C200B0F994 /* CompanyProfileViewController.swift */ = {isa = PBXFileReference; fileEncoding = 4; lastKnownFileType = sourcecode.swift; path = CompanyProfileViewController.swift; sourceTree = "<group>"; };
		B2B11395039A3B49421AD277 /* Pods-BestCareer.release.xcconfig */ = {isa = PBXFileReference; includeInIndex = 1; lastKnownFileType = text.xcconfig; name = "Pods-BestCareer.release.xcconfig"; path = "Pods/Target Support Files/Pods-BestCareer/Pods-BestCareer.release.xcconfig"; sourceTree = "<group>"; };
		C5B21F687033725516090FEC /* Pods-BestCareer.debug.xcconfig */ = {isa = PBXFileReference; includeInIndex = 1; lastKnownFileType = text.xcconfig; name = "Pods-BestCareer.debug.xcconfig"; path = "Pods/Target Support Files/Pods-BestCareer/Pods-BestCareer.debug.xcconfig"; sourceTree = "<group>"; };
		C871129221D37CFC00E98FF4 /* JobDetailCollectionViewController.swift */ = {isa = PBXFileReference; lastKnownFileType = sourcecode.swift; path = JobDetailCollectionViewController.swift; sourceTree = "<group>"; };
		C8928A8F21D36A3B0043E11E /* JobDetailsCollectionViewCell.swift */ = {isa = PBXFileReference; lastKnownFileType = sourcecode.swift; path = JobDetailsCollectionViewCell.swift; sourceTree = "<group>"; };
		C8F8D70F21C8D931001B1151 /* CompanyInfoViewController.swift */ = {isa = PBXFileReference; lastKnownFileType = sourcecode.swift; path = CompanyInfoViewController.swift; sourceTree = "<group>"; };
		C8F8D71121C8DA2C001B1151 /* CompanyDetailsViewController.swift */ = {isa = PBXFileReference; lastKnownFileType = sourcecode.swift; path = CompanyDetailsViewController.swift; sourceTree = "<group>"; };
		C8F8D71321C8DA46001B1151 /* CompanyPostsViewController.swift */ = {isa = PBXFileReference; lastKnownFileType = sourcecode.swift; path = CompanyPostsViewController.swift; sourceTree = "<group>"; };
		C8F8D71521C8DAFA001B1151 /* PageControllerVC.swift */ = {isa = PBXFileReference; lastKnownFileType = sourcecode.swift; path = PageControllerVC.swift; sourceTree = "<group>"; };
		C8F8D71721C8DC9B001B1151 /* MenuTabsView.swift */ = {isa = PBXFileReference; fileEncoding = 4; lastKnownFileType = sourcecode.swift; path = MenuTabsView.swift; sourceTree = "<group>"; };
		C8F8D71B21C8DD9D001B1151 /* BasicCell.swift */ = {isa = PBXFileReference; fileEncoding = 4; lastKnownFileType = sourcecode.swift; path = BasicCell.swift; sourceTree = "<group>"; };
		C8F8D71D21C8DDEF001B1151 /* Extensions.swift */ = {isa = PBXFileReference; fileEncoding = 4; lastKnownFileType = sourcecode.swift; path = Extensions.swift; sourceTree = "<group>"; };
		C8F8D72321C8F10A001B1151 /* menuViewController.swift */ = {isa = PBXFileReference; fileEncoding = 4; lastKnownFileType = sourcecode.swift; path = menuViewController.swift; sourceTree = "<group>"; };
		C8F8D72621C8F10B001B1151 /* MenuCell.swift */ = {isa = PBXFileReference; fileEncoding = 4; lastKnownFileType = sourcecode.swift; path = MenuCell.swift; sourceTree = "<group>"; };
		F0C6EFA8001D1BB54A479A95 /* Pods_BestCareer.framework */ = {isa = PBXFileReference; explicitFileType = wrapper.framework; includeInIndex = 0; path = Pods_BestCareer.framework; sourceTree = BUILT_PRODUCTS_DIR; };
/* End PBXFileReference section */

/* Begin PBXFrameworksBuildPhase section */
		4940C32D21C26869008881F4 /* Frameworks */ = {
			isa = PBXFrameworksBuildPhase;
			buildActionMask = 2147483647;
			files = (
				03B4BC78051D6027644691F5 /* Pods_BestCareer.framework in Frameworks */,
			);
			runOnlyForDeploymentPostprocessing = 0;
		};
/* End PBXFrameworksBuildPhase section */

/* Begin PBXGroup section */
		4940C32721C26869008881F4 = {
			isa = PBXGroup;
			children = (
				4940C33221C26869008881F4 /* BestCareer */,
				4940C33121C26869008881F4 /* Products */,
				70EB320F004292C87DC7CE96 /* Pods */,
				ACA3DBF8082D92C40EFE175D /* Frameworks */,
			);
			sourceTree = "<group>";
		};
		4940C33121C26869008881F4 /* Products */ = {
			isa = PBXGroup;
			children = (
				4940C33021C26869008881F4 /* BestCareer.app */,
			);
			name = Products;
			sourceTree = "<group>";
		};
		4940C33221C26869008881F4 /* BestCareer */ = {
			isa = PBXGroup;
			children = (
				4960FC9521D0CEF600638F71 /* ServerManager.swift */,
				C8F8D72021C8F0C5001B1151 /* SideMenu */,
				C8F8D71D21C8DDEF001B1151 /* Extensions.swift */,
				C8F8D71F21C8DE08001B1151 /* AboutCompany */,
				49ECF55621C569C200B0F994 /* CompanyJobPostsViewController.swift */,
				49ECF55721C569C200B0F994 /* CompanyProfileViewController.swift */,
				497B181021C41FDD00919D8E /* GoogleService-Info.plist */,
				4940C33321C26869008881F4 /* AppDelegate.swift */,
				4940C33721C26869008881F4 /* Main.storyboard */,
				4940C33A21C2686A008881F4 /* Assets.xcassets */,
				4940C33C21C2686A008881F4 /* LaunchScreen.storyboard */,
				4940C33F21C2686A008881F4 /* Info.plist */,
				4940C34521C268FC008881F4 /* CategoriesViewController.swift */,
				4940C34721C26A31008881F4 /* CategoriesCollectionViewCell.swift */,
				497B180E21C4190300919D8E /* LoginViewController.swift */,
				C8F8D70F21C8D931001B1151 /* CompanyInfoViewController.swift */,
				C8F8D71121C8DA2C001B1151 /* CompanyDetailsViewController.swift */,
				C8F8D71321C8DA46001B1151 /* CompanyPostsViewController.swift */,
				C8F8D71521C8DAFA001B1151 /* PageControllerVC.swift */,
				497B684321CA2EE300A20C2B /* SignUpViewController.swift */,
				49948AC021CB9D7900487444 /* Login.storyboard */,
				49E2A65B21CCEDCF00C50B85 /* JobPostsViewController.swift */,
				49E2A65D21CCEE2900C50B85 /* JobPostCell.swift */,
				C8928A8F21D36A3B0043E11E /* JobDetailsCollectionViewCell.swift */,
				C871129221D37CFC00E98FF4 /* JobDetailCollectionViewController.swift */,
			);
			path = BestCareer;
			sourceTree = "<group>";
		};
		70EB320F004292C87DC7CE96 /* Pods */ = {
			isa = PBXGroup;
			children = (
				C5B21F687033725516090FEC /* Pods-BestCareer.debug.xcconfig */,
				B2B11395039A3B49421AD277 /* Pods-BestCareer.release.xcconfig */,
			);
			name = Pods;
			sourceTree = "<group>";
		};
		ACA3DBF8082D92C40EFE175D /* Frameworks */ = {
			isa = PBXGroup;
			children = (
				F0C6EFA8001D1BB54A479A95 /* Pods_BestCareer.framework */,
			);
			name = Frameworks;
			sourceTree = "<group>";
		};
		C8F8D71F21C8DE08001B1151 /* AboutCompany */ = {
			isa = PBXGroup;
			children = (
				C8F8D71B21C8DD9D001B1151 /* BasicCell.swift */,
				C8F8D71721C8DC9B001B1151 /* MenuTabsView.swift */,
			);
			path = AboutCompany;
			sourceTree = "<group>";
		};
		C8F8D72021C8F0C5001B1151 /* SideMenu */ = {
			isa = PBXGroup;
			children = (
				49E2A65921CCA6D500C50B85 /* LeftViewController.swift */,
				C8F8D72621C8F10B001B1151 /* MenuCell.swift */,
				C8F8D72321C8F10A001B1151 /* menuViewController.swift */,
			);
			path = SideMenu;
			sourceTree = "<group>";
		};
/* End PBXGroup section */

/* Begin PBXNativeTarget section */
		4940C32F21C26869008881F4 /* BestCareer */ = {
			isa = PBXNativeTarget;
			buildConfigurationList = 4940C34221C2686A008881F4 /* Build configuration list for PBXNativeTarget "BestCareer" */;
			buildPhases = (
				95775EB78A56D03D7A1BFC6F /* [CP] Check Pods Manifest.lock */,
				4940C32C21C26869008881F4 /* Sources */,
				4940C32D21C26869008881F4 /* Frameworks */,
				4940C32E21C26869008881F4 /* Resources */,
				49A42050413CE6B9C19DB3C6 /* [CP] Embed Pods Frameworks */,
			);
			buildRules = (
			);
			dependencies = (
			);
			name = BestCareer;
			productName = BestCareer;
			productReference = 4940C33021C26869008881F4 /* BestCareer.app */;
			productType = "com.apple.product-type.application";
		};
/* End PBXNativeTarget section */

/* Begin PBXProject section */
		4940C32821C26869008881F4 /* Project object */ = {
			isa = PBXProject;
			attributes = {
				LastSwiftUpdateCheck = 1000;
				LastUpgradeCheck = 1000;
				ORGANIZATIONNAME = "Saw Pyae Yadanar";
				TargetAttributes = {
					4940C32F21C26869008881F4 = {
						CreatedOnToolsVersion = 10.0;
						LastSwiftMigration = 1010;
					};
				};
			};
			buildConfigurationList = 4940C32B21C26869008881F4 /* Build configuration list for PBXProject "BestCareer" */;
			compatibilityVersion = "Xcode 9.3";
			developmentRegion = en;
			hasScannedForEncodings = 0;
			knownRegions = (
				en,
				Base,
			);
			mainGroup = 4940C32721C26869008881F4;
			productRefGroup = 4940C33121C26869008881F4 /* Products */;
			projectDirPath = "";
			projectRoot = "";
			targets = (
				4940C32F21C26869008881F4 /* BestCareer */,
			);
		};
/* End PBXProject section */

/* Begin PBXResourcesBuildPhase section */
		4940C32E21C26869008881F4 /* Resources */ = {
			isa = PBXResourcesBuildPhase;
			buildActionMask = 2147483647;
			files = (
				4940C33E21C2686A008881F4 /* LaunchScreen.storyboard in Resources */,
				497B181121C41FDD00919D8E /* GoogleService-Info.plist in Resources */,
				4940C33B21C2686A008881F4 /* Assets.xcassets in Resources */,
				49948AC121CB9D7900487444 /* Login.storyboard in Resources */,
				4940C33921C26869008881F4 /* Main.storyboard in Resources */,
			);
			runOnlyForDeploymentPostprocessing = 0;
		};
/* End PBXResourcesBuildPhase section */

/* Begin PBXShellScriptBuildPhase section */
		49A42050413CE6B9C19DB3C6 /* [CP] Embed Pods Frameworks */ = {
			isa = PBXShellScriptBuildPhase;
			buildActionMask = 2147483647;
			files = (
			);
			inputPaths = (
				"${SRCROOT}/Pods/Target Support Files/Pods-BestCareer/Pods-BestCareer-frameworks.sh",
				"${BUILT_PRODUCTS_DIR}/BadgeSwift/BadgeSwift.framework",
				"${BUILT_PRODUCTS_DIR}/Bolts/Bolts.framework",
				"${BUILT_PRODUCTS_DIR}/FBSDKCoreKit/FBSDKCoreKit.framework",
				"${BUILT_PRODUCTS_DIR}/FBSDKLoginKit/FBSDKLoginKit.framework",
				"${BUILT_PRODUCTS_DIR}/GTMSessionFetcher/GTMSessionFetcher.framework",
				"${BUILT_PRODUCTS_DIR}/GoogleUtilities/GoogleUtilities.framework",
				"${BUILT_PRODUCTS_DIR}/LGSideMenuController/LGSideMenuController.framework",
				"${BUILT_PRODUCTS_DIR}/SVProgressHUD/SVProgressHUD.framework",
				"${BUILT_PRODUCTS_DIR}/SkyFloatingLabelTextField/SkyFloatingLabelTextField.framework",
				"${BUILT_PRODUCTS_DIR}/leveldb-library/leveldb.framework",
				"${BUILT_PRODUCTS_DIR}/nanopb/nanopb.framework",
			);
			name = "[CP] Embed Pods Frameworks";
			outputPaths = (
				"${TARGET_BUILD_DIR}/${FRAMEWORKS_FOLDER_PATH}/BadgeSwift.framework",
				"${TARGET_BUILD_DIR}/${FRAMEWORKS_FOLDER_PATH}/Bolts.framework",
				"${TARGET_BUILD_DIR}/${FRAMEWORKS_FOLDER_PATH}/FBSDKCoreKit.framework",
				"${TARGET_BUILD_DIR}/${FRAMEWORKS_FOLDER_PATH}/FBSDKLoginKit.framework",
				"${TARGET_BUILD_DIR}/${FRAMEWORKS_FOLDER_PATH}/GTMSessionFetcher.framework",
				"${TARGET_BUILD_DIR}/${FRAMEWORKS_FOLDER_PATH}/GoogleUtilities.framework",
				"${TARGET_BUILD_DIR}/${FRAMEWORKS_FOLDER_PATH}/LGSideMenuController.framework",
				"${TARGET_BUILD_DIR}/${FRAMEWORKS_FOLDER_PATH}/SVProgressHUD.framework",
				"${TARGET_BUILD_DIR}/${FRAMEWORKS_FOLDER_PATH}/SkyFloatingLabelTextField.framework",
				"${TARGET_BUILD_DIR}/${FRAMEWORKS_FOLDER_PATH}/leveldb.framework",
				"${TARGET_BUILD_DIR}/${FRAMEWORKS_FOLDER_PATH}/nanopb.framework",
			);
			runOnlyForDeploymentPostprocessing = 0;
			shellPath = /bin/sh;
			shellScript = "\"${SRCROOT}/Pods/Target Support Files/Pods-BestCareer/Pods-BestCareer-frameworks.sh\"\n";
			showEnvVarsInLog = 0;
		};
		95775EB78A56D03D7A1BFC6F /* [CP] Check Pods Manifest.lock */ = {
			isa = PBXShellScriptBuildPhase;
			buildActionMask = 2147483647;
			files = (
			);
			inputPaths = (
				"${PODS_PODFILE_DIR_PATH}/Podfile.lock",
				"${PODS_ROOT}/Manifest.lock",
			);
			name = "[CP] Check Pods Manifest.lock";
			outputPaths = (
				"$(DERIVED_FILE_DIR)/Pods-BestCareer-checkManifestLockResult.txt",
			);
			runOnlyForDeploymentPostprocessing = 0;
			shellPath = /bin/sh;
			shellScript = "diff \"${PODS_PODFILE_DIR_PATH}/Podfile.lock\" \"${PODS_ROOT}/Manifest.lock\" > /dev/null\nif [ $? != 0 ] ; then\n    # print error to STDERR\n    echo \"error: The sandbox is not in sync with the Podfile.lock. Run 'pod install' or update your CocoaPods installation.\" >&2\n    exit 1\nfi\n# This output is used by Xcode 'outputs' to avoid re-running this script phase.\necho \"SUCCESS\" > \"${SCRIPT_OUTPUT_FILE_0}\"\n";
			showEnvVarsInLog = 0;
		};
/* End PBXShellScriptBuildPhase section */

/* Begin PBXSourcesBuildPhase section */
		4940C32C21C26869008881F4 /* Sources */ = {
			isa = PBXSourcesBuildPhase;
			buildActionMask = 2147483647;
			files = (
				4960FC9621D0CEF700638F71 /* ServerManager.swift in Sources */,
				49ECF55821C569C200B0F994 /* CompanyJobPostsViewController.swift in Sources */,
				C8F8D72A21C8F10B001B1151 /* MenuCell.swift in Sources */,
				497B180F21C4190300919D8E /* LoginViewController.swift in Sources */,
				4940C34821C26A31008881F4 /* CategoriesCollectionViewCell.swift in Sources */,
				49E2A65E21CCEE2900C50B85 /* JobPostCell.swift in Sources */,
				C8F8D71021C8D931001B1151 /* CompanyInfoViewController.swift in Sources */,
				497B684421CA2EE300A20C2B /* SignUpViewController.swift in Sources */,
				C8F8D71C21C8DD9D001B1151 /* BasicCell.swift in Sources */,
				C8F8D72821C8F10B001B1151 /* menuViewController.swift in Sources */,
				C8928A9021D36A3B0043E11E /* JobDetailsCollectionViewCell.swift in Sources */,
				C8F8D71221C8DA2C001B1151 /* CompanyDetailsViewController.swift in Sources */,
				C8F8D71421C8DA46001B1151 /* CompanyPostsViewController.swift in Sources */,
				49E2A65A21CCA6D500C50B85 /* LeftViewController.swift in Sources */,
				C8F8D71821C8DC9C001B1151 /* MenuTabsView.swift in Sources */,
				C871129321D37CFC00E98FF4 /* JobDetailCollectionViewController.swift in Sources */,
				4940C34621C268FC008881F4 /* CategoriesViewController.swift in Sources */,
				4940C33421C26869008881F4 /* AppDelegate.swift in Sources */,
				49E2A65C21CCEDCF00C50B85 /* JobPostsViewController.swift in Sources */,
				49ECF55921C569C200B0F994 /* CompanyProfileViewController.swift in Sources */,
				C8F8D71621C8DAFA001B1151 /* PageControllerVC.swift in Sources */,
				C8F8D71E21C8DDEF001B1151 /* Extensions.swift in Sources */,
			);
			runOnlyForDeploymentPostprocessing = 0;
		};
/* End PBXSourcesBuildPhase section */

/* Begin PBXVariantGroup section */
		4940C33721C26869008881F4 /* Main.storyboard */ = {
			isa = PBXVariantGroup;
			children = (
				4940C33821C26869008881F4 /* Base */,
			);
			name = Main.storyboard;
			sourceTree = "<group>";
		};
		4940C33C21C2686A008881F4 /* LaunchScreen.storyboard */ = {
			isa = PBXVariantGroup;
			children = (
				4940C33D21C2686A008881F4 /* Base */,
			);
			name = LaunchScreen.storyboard;
			sourceTree = "<group>";
		};
/* End PBXVariantGroup section */

/* Begin XCBuildConfiguration section */
		4940C34021C2686A008881F4 /* Debug */ = {
			isa = XCBuildConfiguration;
			buildSettings = {
				ALWAYS_SEARCH_USER_PATHS = NO;
				CLANG_ANALYZER_NONNULL = YES;
				CLANG_ANALYZER_NUMBER_OBJECT_CONVERSION = YES_AGGRESSIVE;
				CLANG_CXX_LANGUAGE_STANDARD = "gnu++14";
				CLANG_CXX_LIBRARY = "libc++";
				CLANG_ENABLE_MODULES = YES;
				CLANG_ENABLE_OBJC_ARC = YES;
				CLANG_ENABLE_OBJC_WEAK = YES;
				CLANG_WARN_BLOCK_CAPTURE_AUTORELEASING = YES;
				CLANG_WARN_BOOL_CONVERSION = YES;
				CLANG_WARN_COMMA = YES;
				CLANG_WARN_CONSTANT_CONVERSION = YES;
				CLANG_WARN_DEPRECATED_OBJC_IMPLEMENTATIONS = YES;
				CLANG_WARN_DIRECT_OBJC_ISA_USAGE = YES_ERROR;
				CLANG_WARN_DOCUMENTATION_COMMENTS = YES;
				CLANG_WARN_EMPTY_BODY = YES;
				CLANG_WARN_ENUM_CONVERSION = YES;
				CLANG_WARN_INFINITE_RECURSION = YES;
				CLANG_WARN_INT_CONVERSION = YES;
				CLANG_WARN_NON_LITERAL_NULL_CONVERSION = YES;
				CLANG_WARN_OBJC_IMPLICIT_RETAIN_SELF = YES;
				CLANG_WARN_OBJC_LITERAL_CONVERSION = YES;
				CLANG_WARN_OBJC_ROOT_CLASS = YES_ERROR;
				CLANG_WARN_RANGE_LOOP_ANALYSIS = YES;
				CLANG_WARN_STRICT_PROTOTYPES = YES;
				CLANG_WARN_SUSPICIOUS_MOVE = YES;
				CLANG_WARN_UNGUARDED_AVAILABILITY = YES_AGGRESSIVE;
				CLANG_WARN_UNREACHABLE_CODE = YES;
				CLANG_WARN__DUPLICATE_METHOD_MATCH = YES;
				CODE_SIGN_IDENTITY = "iPhone Developer";
				COPY_PHASE_STRIP = NO;
				DEBUG_INFORMATION_FORMAT = dwarf;
				ENABLE_STRICT_OBJC_MSGSEND = YES;
				ENABLE_TESTABILITY = YES;
				GCC_C_LANGUAGE_STANDARD = gnu11;
				GCC_DYNAMIC_NO_PIC = NO;
				GCC_NO_COMMON_BLOCKS = YES;
				GCC_OPTIMIZATION_LEVEL = 0;
				GCC_PREPROCESSOR_DEFINITIONS = (
					"DEBUG=1",
					"$(inherited)",
				);
				GCC_WARN_64_TO_32_BIT_CONVERSION = YES;
				GCC_WARN_ABOUT_RETURN_TYPE = YES_ERROR;
				GCC_WARN_UNDECLARED_SELECTOR = YES;
				GCC_WARN_UNINITIALIZED_AUTOS = YES_AGGRESSIVE;
				GCC_WARN_UNUSED_FUNCTION = YES;
				GCC_WARN_UNUSED_VARIABLE = YES;
				IPHONEOS_DEPLOYMENT_TARGET = 12.0;
				MTL_ENABLE_DEBUG_INFO = INCLUDE_SOURCE;
				MTL_FAST_MATH = YES;
				ONLY_ACTIVE_ARCH = YES;
				SDKROOT = iphoneos;
				SWIFT_ACTIVE_COMPILATION_CONDITIONS = DEBUG;
				SWIFT_OPTIMIZATION_LEVEL = "-Onone";
			};
			name = Debug;
		};
		4940C34121C2686A008881F4 /* Release */ = {
			isa = XCBuildConfiguration;
			buildSettings = {
				ALWAYS_SEARCH_USER_PATHS = NO;
				CLANG_ANALYZER_NONNULL = YES;
				CLANG_ANALYZER_NUMBER_OBJECT_CONVERSION = YES_AGGRESSIVE;
				CLANG_CXX_LANGUAGE_STANDARD = "gnu++14";
				CLANG_CXX_LIBRARY = "libc++";
				CLANG_ENABLE_MODULES = YES;
				CLANG_ENABLE_OBJC_ARC = YES;
				CLANG_ENABLE_OBJC_WEAK = YES;
				CLANG_WARN_BLOCK_CAPTURE_AUTORELEASING = YES;
				CLANG_WARN_BOOL_CONVERSION = YES;
				CLANG_WARN_COMMA = YES;
				CLANG_WARN_CONSTANT_CONVERSION = YES;
				CLANG_WARN_DEPRECATED_OBJC_IMPLEMENTATIONS = YES;
				CLANG_WARN_DIRECT_OBJC_ISA_USAGE = YES_ERROR;
				CLANG_WARN_DOCUMENTATION_COMMENTS = YES;
				CLANG_WARN_EMPTY_BODY = YES;
				CLANG_WARN_ENUM_CONVERSION = YES;
				CLANG_WARN_INFINITE_RECURSION = YES;
				CLANG_WARN_INT_CONVERSION = YES;
				CLANG_WARN_NON_LITERAL_NULL_CONVERSION = YES;
				CLANG_WARN_OBJC_IMPLICIT_RETAIN_SELF = YES;
				CLANG_WARN_OBJC_LITERAL_CONVERSION = YES;
				CLANG_WARN_OBJC_ROOT_CLASS = YES_ERROR;
				CLANG_WARN_RANGE_LOOP_ANALYSIS = YES;
				CLANG_WARN_STRICT_PROTOTYPES = YES;
				CLANG_WARN_SUSPICIOUS_MOVE = YES;
				CLANG_WARN_UNGUARDED_AVAILABILITY = YES_AGGRESSIVE;
				CLANG_WARN_UNREACHABLE_CODE = YES;
				CLANG_WARN__DUPLICATE_METHOD_MATCH = YES;
				CODE_SIGN_IDENTITY = "iPhone Developer";
				COPY_PHASE_STRIP = NO;
				DEBUG_INFORMATION_FORMAT = "dwarf-with-dsym";
				ENABLE_NS_ASSERTIONS = NO;
				ENABLE_STRICT_OBJC_MSGSEND = YES;
				GCC_C_LANGUAGE_STANDARD = gnu11;
				GCC_NO_COMMON_BLOCKS = YES;
				GCC_WARN_64_TO_32_BIT_CONVERSION = YES;
				GCC_WARN_ABOUT_RETURN_TYPE = YES_ERROR;
				GCC_WARN_UNDECLARED_SELECTOR = YES;
				GCC_WARN_UNINITIALIZED_AUTOS = YES_AGGRESSIVE;
				GCC_WARN_UNUSED_FUNCTION = YES;
				GCC_WARN_UNUSED_VARIABLE = YES;
				IPHONEOS_DEPLOYMENT_TARGET = 12.0;
				MTL_ENABLE_DEBUG_INFO = NO;
				MTL_FAST_MATH = YES;
				SDKROOT = iphoneos;
				SWIFT_COMPILATION_MODE = wholemodule;
				SWIFT_OPTIMIZATION_LEVEL = "-O";
				VALIDATE_PRODUCT = YES;
			};
			name = Release;
		};
		4940C34321C2686A008881F4 /* Debug */ = {
			isa = XCBuildConfiguration;
			baseConfigurationReference = C5B21F687033725516090FEC /* Pods-BestCareer.debug.xcconfig */;
			buildSettings = {
				ASSETCATALOG_COMPILER_APPICON_NAME = AppIcon;
				CLANG_ENABLE_MODULES = YES;
				CODE_SIGN_STYLE = Manual;
				DEVELOPMENT_TEAM = "";
				INFOPLIST_FILE = BestCareer/Info.plist;
				IPHONEOS_DEPLOYMENT_TARGET = 9.0;
				LD_RUNPATH_SEARCH_PATHS = (
					"$(inherited)",
					"@executable_path/Frameworks",
				);
				PRODUCT_BUNDLE_IDENTIFIER = com.bestcareer.jobs;
				PRODUCT_NAME = "$(TARGET_NAME)";
				PROVISIONING_PROFILE_SPECIFIER = "";
				SWIFT_OBJC_BRIDGING_HEADER = "";
				SWIFT_OPTIMIZATION_LEVEL = "-Onone";
				SWIFT_VERSION = 4.2;
				TARGETED_DEVICE_FAMILY = 1;
			};
			name = Debug;
		};
		4940C34421C2686A008881F4 /* Release */ = {
			isa = XCBuildConfiguration;
			baseConfigurationReference = B2B11395039A3B49421AD277 /* Pods-BestCareer.release.xcconfig */;
			buildSettings = {
				ASSETCATALOG_COMPILER_APPICON_NAME = AppIcon;
				CLANG_ENABLE_MODULES = YES;
				CODE_SIGN_STYLE = Manual;
				DEVELOPMENT_TEAM = "";
				INFOPLIST_FILE = BestCareer/Info.plist;
				IPHONEOS_DEPLOYMENT_TARGET = 9.0;
				LD_RUNPATH_SEARCH_PATHS = (
					"$(inherited)",
					"@executable_path/Frameworks",
				);
				PRODUCT_BUNDLE_IDENTIFIER = com.bestcareer.jobs;
				PRODUCT_NAME = "$(TARGET_NAME)";
				PROVISIONING_PROFILE_SPECIFIER = "";
				SWIFT_OBJC_BRIDGING_HEADER = "";
				SWIFT_VERSION = 4.2;
				TARGETED_DEVICE_FAMILY = 1;
			};
			name = Release;
		};
/* End XCBuildConfiguration section */

/* Begin XCConfigurationList section */
		4940C32B21C26869008881F4 /* Build configuration list for PBXProject "BestCareer" */ = {
			isa = XCConfigurationList;
			buildConfigurations = (
				4940C34021C2686A008881F4 /* Debug */,
				4940C34121C2686A008881F4 /* Release */,
			);
			defaultConfigurationIsVisible = 0;
			defaultConfigurationName = Release;
		};
		4940C34221C2686A008881F4 /* Build configuration list for PBXNativeTarget "BestCareer" */ = {
			isa = XCConfigurationList;
			buildConfigurations = (
				4940C34321C2686A008881F4 /* Debug */,
				4940C34421C2686A008881F4 /* Release */,
			);
			defaultConfigurationIsVisible = 0;
			defaultConfigurationName = Release;
		};
/* End XCConfigurationList section */
	};
	rootObject = 4940C32821C26869008881F4 /* Project object */;
}
